
Microsoft Visual Studio Solution File, Format Version 12.00
# Visual Studio Version 16
VisualStudioVersion = 16.0.810.14
MinimumVisualStudioVersion = 10.0.40219.1
Project("{9A19103F-16F7-4668-BE54-9A1E7A4F7556}") = "Example.Api", "Example.Api\Example.Api.csproj", "{726ED8BC-8586-4317-B1FF-8D610BDCB787}"
EndProject
Project("{9A19103F-16F7-4668-BE54-9A1E7A4F7556}") = "JeyDotC.JustCs", "JeyDotC.JustCs\JeyDotC.JustCs.csproj", "{E47B008A-0FFF-4BC7-A9A8-B74F3B6D5380}"
EndProject
Project("{9A19103F-16F7-4668-BE54-9A1E7A4F7556}") = "JeyDotC.JustCs.Mvc", "JeyDotC.JustCs.Mvc\JeyDotC.JustCs.Mvc.csproj", "{CC4EFB32-B4C1-42CA-B15E-1796C59456FA}"
EndProject
Project("{2150E333-8FDC-42A3-9474-1A3956D46DE8}") = "Solution Files", "Solution Files", "{280A9953-AB4D-43EA-A869-A2F85DF49B8D}"
	ProjectSection(SolutionItems) = preProject
		.gitignore = .gitignore
		CoverageSettings.xml = CoverageSettings.xml
		generate-coverage.sh = generate-coverage.sh
		LICENSE.txt = LICENSE.txt
		README.md = README.md
	EndProjectSection
EndProject
Project("{2150E333-8FDC-42A3-9474-1A3956D46DE8}") = "Examples", "Examples", "{505F2A8A-F800-4902-A307-7BBCB3205E0A}"
EndProject
Project("{9A19103F-16F7-4668-BE54-9A1E7A4F7556}") = "JeyDotC.JustCs.Tests", "JeyDotC.JustCs.Tests\JeyDotC.JustCs.Tests.csproj", "{34499D72-B358-483D-9D61-C858AF16E42D}"
EndProject
Project("{2150E333-8FDC-42A3-9474-1A3956D46DE8}") = "Tests", "Tests", "{53D32D80-97BF-4114-A19C-1ED3943AF588}"
EndProject
Project("{9A19103F-16F7-4668-BE54-9A1E7A4F7556}") = "JeyDotC.JustCs.Mvc.Tests", "JeyDotC.JustCs.Mvc.Tests\JeyDotC.JustCs.Mvc.Tests.csproj", "{24C17E70-F0B9-4B40-9658-6251E4C68CEB}"
EndProject
Global
	GlobalSection(SolutionConfigurationPlatforms) = preSolution
		Debug|Any CPU = Debug|Any CPU
		Release|Any CPU = Release|Any CPU
	EndGlobalSection
	GlobalSection(ProjectConfigurationPlatforms) = postSolution
		{726ED8BC-8586-4317-B1FF-8D610BDCB787}.Debug|Any CPU.ActiveCfg = Debug|Any CPU
		{726ED8BC-8586-4317-B1FF-8D610BDCB787}.Debug|Any CPU.Build.0 = Debug|Any CPU
		{726ED8BC-8586-4317-B1FF-8D610BDCB787}.Release|Any CPU.ActiveCfg = Release|Any CPU
		{726ED8BC-8586-4317-B1FF-8D610BDCB787}.Release|Any CPU.Build.0 = Release|Any CPU
		{E47B008A-0FFF-4BC7-A9A8-B74F3B6D5380}.Debug|Any CPU.ActiveCfg = Debug|Any CPU
		{E47B008A-0FFF-4BC7-A9A8-B74F3B6D5380}.Debug|Any CPU.Build.0 = Debug|Any CPU
		{E47B008A-0FFF-4BC7-A9A8-B74F3B6D5380}.Release|Any CPU.ActiveCfg = Release|Any CPU
		{E47B008A-0FFF-4BC7-A9A8-B74F3B6D5380}.Release|Any CPU.Build.0 = Release|Any CPU
		{CC4EFB32-B4C1-42CA-B15E-1796C59456FA}.Debug|Any CPU.ActiveCfg = Debug|Any CPU
		{CC4EFB32-B4C1-42CA-B15E-1796C59456FA}.Debug|Any CPU.Build.0 = Debug|Any CPU
		{CC4EFB32-B4C1-42CA-B15E-1796C59456FA}.Release|Any CPU.ActiveCfg = Release|Any CPU
		{CC4EFB32-B4C1-42CA-B15E-1796C59456FA}.Release|Any CPU.Build.0 = Release|Any CPU
		{34499D72-B358-483D-9D61-C858AF16E42D}.Debug|Any CPU.ActiveCfg = Debug|Any CPU
		{34499D72-B358-483D-9D61-C858AF16E42D}.Debug|Any CPU.Build.0 = Debug|Any CPU
		{34499D72-B358-483D-9D61-C858AF16E42D}.Release|Any CPU.ActiveCfg = Release|Any CPU
		{34499D72-B358-483D-9D61-C858AF16E42D}.Release|Any CPU.Build.0 = Release|Any CPU
		{24C17E70-F0B9-4B40-9658-6251E4C68CEB}.Debug|Any CPU.ActiveCfg = Debug|Any CPU
		{24C17E70-F0B9-4B40-9658-6251E4C68CEB}.Debug|Any CPU.Build.0 = Debug|Any CPU
		{24C17E70-F0B9-4B40-9658-6251E4C68CEB}.Release|Any CPU.ActiveCfg = Release|Any CPU
		{24C17E70-F0B9-4B40-9658-6251E4C68CEB}.Release|Any CPU.Build.0 = Release|Any CPU
	EndGlobalSection
	GlobalSection(SolutionProperties) = preSolution
		HideSolutionNode = FALSE
	EndGlobalSection
	GlobalSection(NestedProjects) = preSolution
		{726ED8BC-8586-4317-B1FF-8D610BDCB787} = {505F2A8A-F800-4902-A307-7BBCB3205E0A}
		{34499D72-B358-483D-9D61-C858AF16E42D} = {53D32D80-97BF-4114-A19C-1ED3943AF588}
		{24C17E70-F0B9-4B40-9658-6251E4C68CEB} = {53D32D80-97BF-4114-A19C-1ED3943AF588}
	EndGlobalSection
	GlobalSection(ExtensibilityGlobals) = postSolution
		SolutionGuid = {2790D0E5-DA58-4943-B388-0B1BBD7A3D1F}
	EndGlobalSection
EndGlobal
